
Microsoft Visual Studio Solution File, Format Version 12.00
# Visual Studio Version 17
VisualStudioVersion = 17.14.36518.9
MinimumVisualStudioVersion = 10.0.40219.1
Project("{8BC9CEB8-8B4A-11D0-8D11-00A0C91BC942}") = "NoCompass", "NoCompass\NoCompass.vcxproj", "{13B5611D-5035-4AB6-BE5F-FDBB52242FF1}"
EndProject
Global
	GlobalSection(SolutionConfigurationPlatforms) = preSolution
		Debug|x64 = Debug|x64
		Debug|x86 = Debug|x86
		Release_me2|x64 = Release_me2|x64
		Release_me2|x86 = Release_me2|x86
		Release|x64 = Release|x64
		Release|x86 = Release|x86
	EndGlobalSection
	GlobalSection(ProjectConfigurationPlatforms) = postSolution
		{13B5611D-5035-4AB6-BE5F-FDBB52242FF1}.Debug|x64.ActiveCfg = Debug|x64
		{13B5611D-5035-4AB6-BE5F-FDBB52242FF1}.Debug|x64.Build.0 = Debug|x64
		{13B5611D-5035-4AB6-BE5F-FDBB52242FF1}.Debug|x86.ActiveCfg = Debug|Win32
		{13B5611D-5035-4AB6-BE5F-FDBB52242FF1}.Debug|x86.Build.0 = Debug|Win32
		{13B5611D-5035-4AB6-BE5F-FDBB52242FF1}.Release_me2|x64.ActiveCfg = Release_me2|x64
		{13B5611D-5035-4AB6-BE5F-FDBB52242FF1}.Release_me2|x64.Build.0 = Release_me2|x64
		{13B5611D-5035-4AB6-BE5F-FDBB52242FF1}.Release_me2|x86.ActiveCfg = Release_me2|Win32
		{13B5611D-5035-4AB6-BE5F-FDBB52242FF1}.Release_me2|x86.Build.0 = Release_me2|Win32
		{13B5611D-5035-4AB6-BE5F-FDBB52242FF1}.Release|x64.ActiveCfg = Release|x64
		{13B5611D-5035-4AB6-BE5F-FDBB52242FF1}.Release|x64.Build.0 = Release|x64
		{13B5611D-5035-4AB6-BE5F-FDBB52242FF1}.Release|x86.ActiveCfg = Release|Win32
		{13B5611D-5035-4AB6-BE5F-FDBB52242FF1}.Release|x86.Build.0 = Release|Win32
	EndGlobalSection
	GlobalSection(SolutionProperties) = preSolution
		HideSolutionNode = FALSE
	EndGlobalSection
	GlobalSection(ExtensibilityGlobals) = postSolution
		SolutionGuid = {DBCC8AD1-1B9A-4E6E-9CA3-5E28C501ACDD}
	EndGlobalSection
EndGlobal
